// !$*UTF8*$!
{
	archiveVersion = 1;
	classes = {
	};
	objectVersion = 50;
	objects = {

/* Begin PBXBuildFile section */
		582ECCDA20D6217300CE339D /* libpng16.a in Frameworks */ = {isa = PBXBuildFile; fileRef = 58B5174A20D62136006F9424 /* libpng16.a */; };
		58B5174720D620AD006F9424 /* main.cpp in Sources */ = {isa = PBXBuildFile; fileRef = 58B5174120D620AD006F9424 /* main.cpp */; };
		58B5174820D620AD006F9424 /* png_loader.cpp in Sources */ = {isa = PBXBuildFile; fileRef = 58B5174620D620AD006F9424 /* png_loader.cpp */; };
/* End PBXBuildFile section */

/* Begin PBXFileReference section */
		58B5173620D62084006F9424 /* CustomTextureUpdate.bundle */ = {isa = PBXFileReference; explicitFileType = wrapper.cfbundle; includeInIndex = 0; path = CustomTextureUpdate.bundle; sourceTree = BUILT_PRODUCTS_DIR; };
		58B5173920D62084006F9424 /* Info.plist */ = {isa = PBXFileReference; lastKnownFileType = text.plist.xml; path = Info.plist; sourceTree = "<group>"; };
		58B5173F20D620AD006F9424 /* png_loader.h */ = {isa = PBXFileReference; fileEncoding = 4; lastKnownFileType = sourcecode.c.h; name = png_loader.h; path = ../../../src/png_loader.h; sourceTree = "<group>"; };
		58B5174020D620AD006F9424 /* util.h */ = {isa = PBXFileReference; fileEncoding = 4; lastKnownFileType = sourcecode.c.h; name = util.h; path = ../../../src/util.h; sourceTree = "<group>"; };
		58B5174120D620AD006F9424 /* main.cpp */ = {isa = PBXFileReference; fileEncoding = 4; lastKnownFileType = sourcecode.cpp.cpp; name = main.cpp; path = ../../../src/main.cpp; sourceTree = "<group>"; };
		58B5174320D620AD006F9424 /* IUnityInterface.h */ = {isa = PBXFileReference; fileEncoding = 4; lastKnownFileType = sourcecode.c.h; path = IUnityInterface.h; sourceTree = "<group>"; };
		58B5174420D620AD006F9424 /* IUnityGraphics.h */ = {isa = PBXFileReference; fileEncoding = 4; lastKnownFileType = sourcecode.c.h; path = IUnityGraphics.h; sourceTree = "<group>"; };
		58B5174520D620AD006F9424 /* IUnityRenderingExtensions.h */ = {isa = PBXFileReference; fileEncoding = 4; lastKnownFileType = sourcecode.c.h; path = IUnityRenderingExtensions.h; sourceTree = "<group>"; };
		58B5174620D620AD006F9424 /* png_loader.cpp */ = {isa = PBXFileReference; fileEncoding = 4; lastKnownFileType = sourcecode.cpp.cpp; name = png_loader.cpp; path = ../../../src/png_loader.cpp; sourceTree = "<group>"; };
		58B5174A20D62136006F9424 /* libpng16.a */ = {isa = PBXFileReference; lastKnownFileType = archive.ar; name = libpng16.a; path = ../../../../../../../../../usr/local/Cellar/libpng/1.6.34/lib/libpng16.a; sourceTree = "<group>"; };
/* End PBXFileReference section */

/* Begin PBXFrameworksBuildPhase section */
		58B5173320D62084006F9424 /* Frameworks */ = {
			isa = PBXFrameworksBuildPhase;
			buildActionMask = 2147483647;
			files = (
				582ECCDA20D6217300CE339D /* libpng16.a in Frameworks */,
			);
			runOnlyForDeploymentPostprocessing = 0;
		};
/* End PBXFrameworksBuildPhase section */

/* Begin PBXGroup section */
		58B5172D20D62084006F9424 = {
			isa = PBXGroup;
			children = (
				58B5173820D62084006F9424 /* CustomTextureUpdate */,
				58B5173720D62084006F9424 /* Products */,
				58B5174920D62136006F9424 /* Frameworks */,
			);
			sourceTree = "<group>";
		};
		58B5173720D62084006F9424 /* Products */ = {
			isa = PBXGroup;
			children = (
				58B5173620D62084006F9424 /* CustomTextureUpdate.bundle */,
			);
			name = Products;
			sourceTree = "<group>";
		};
		58B5173820D62084006F9424 /* CustomTextureUpdate */ = {
			isa = PBXGroup;
			children = (
				58B5174120D620AD006F9424 /* main.cpp */,
				58B5174620D620AD006F9424 /* png_loader.cpp */,
				58B5173F20D620AD006F9424 /* png_loader.h */,
				58B5174220D620AD006F9424 /* Unity */,
				58B5174020D620AD006F9424 /* util.h */,
				58B5173920D62084006F9424 /* Info.plist */,
			);
			path = CustomTextureUpdate;
			sourceTree = "<group>";
		};
		58B5174220D620AD006F9424 /* Unity */ = {
			isa = PBXGroup;
			children = (
				58B5174320D620AD006F9424 /* IUnityInterface.h */,
				58B5174420D620AD006F9424 /* IUnityGraphics.h */,
				58B5174520D620AD006F9424 /* IUnityRenderingExtensions.h */,
			);
			name = Unity;
			path = ../../../src/Unity;
			sourceTree = "<group>";
		};
		58B5174920D62136006F9424 /* Frameworks */ = {
			isa = PBXGroup;
			children = (
				58B5174A20D62136006F9424 /* libpng16.a */,
			);
			name = Frameworks;
			sourceTree = "<group>";
		};
/* End PBXGroup section */

/* Begin PBXNativeTarget section */
		58B5173520D62084006F9424 /* CustomTextureUpdate */ = {
			isa = PBXNativeTarget;
			buildConfigurationList = 58B5173C20D62084006F9424 /* Build configuration list for PBXNativeTarget "CustomTextureUpdate" */;
			buildPhases = (
				58B5173220D62084006F9424 /* Sources */,
				58B5173320D62084006F9424 /* Frameworks */,
				58B5173420D62084006F9424 /* Resources */,
			);
			buildRules = (
			);
			dependencies = (
			);
			name = CustomTextureUpdate;
			productName = CustomTextureUpdate;
			productReference = 58B5173620D62084006F9424 /* CustomTextureUpdate.bundle */;
			productType = "com.apple.product-type.bundle";
		};
/* End PBXNativeTarget section */

/* Begin PBXProject section */
		58B5172E20D62084006F9424 /* Project object */ = {
			isa = PBXProject;
			attributes = {
				LastUpgradeCheck = 0940;
				ORGANIZATIONNAME = hecomi;
				TargetAttributes = {
					58B5173520D62084006F9424 = {
						CreatedOnToolsVersion = 9.4.1;
					};
				};
			};
			buildConfigurationList = 58B5173120D62084006F9424 /* Build configuration list for PBXProject "CustomTextureUpdate" */;
			compatibilityVersion = "Xcode 9.3";
			developmentRegion = en;
			hasScannedForEncodings = 0;
			knownRegions = (
				en,
			);
			mainGroup = 58B5172D20D62084006F9424;
			productRefGroup = 58B5173720D62084006F9424 /* Products */;
			projectDirPath = "";
			projectRoot = "";
			targets = (
				58B5173520D62084006F9424 /* CustomTextureUpdate */,
			);
		};
/* End PBXProject section */

/* Begin PBXResourcesBuildPhase section */
		58B5173420D62084006F9424 /* Resources */ = {
			isa = PBXResourcesBuildPhase;
			buildActionMask = 2147483647;
			files = (
			);
			runOnlyForDeploymentPostprocessing = 0;
		};
/* End PBXResourcesBuildPhase section */

/* Begin PBXSourcesBuildPhase section */
		58B5173220D62084006F9424 /* Sources */ = {
			isa = PBXSourcesBuildPhase;
			buildActionMask = 2147483647;
			files = (
				58B5174820D620AD006F9424 /* png_loader.cpp in Sources */,
				58B5174720D620AD006F9424 /* main.cpp in Sources */,
			);
			runOnlyForDeploymentPostprocessing = 0;
		};
/* End PBXSourcesBuildPhase section */

/* Begin XCBuildConfiguration section */
		58B5173A20D62084006F9424 /* Debug */ = {
			isa = XCBuildConfiguration;
			buildSettings = {
				ALWAYS_SEARCH_USER_PATHS = NO;
				CLANG_ANALYZER_NONNULL = YES;
				CLANG_ANALYZER_NUMBER_OBJECT_CONVERSION = YES_AGGRESSIVE;
				CLANG_CXX_LANGUAGE_STANDARD = "gnu++14";
				CLANG_CXX_LIBRARY = "libc++";
				CLANG_ENABLE_MODULES = YES;
				CLANG_ENABLE_OBJC_ARC = YES;
				CLANG_ENABLE_OBJC_WEAK = YES;
				CLANG_WARN_BLOCK_CAPTURE_AUTORELEASING = YES;
				CLANG_WARN_BOOL_CONVERSION = YES;
				CLANG_WARN_COMMA = YES;
				CLANG_WARN_CONSTANT_CONVERSION = YES;
				CLANG_WARN_DEPRECATED_OBJC_IMPLEMENTATIONS = YES;
				CLANG_WARN_DIRECT_OBJC_ISA_USAGE = YES_ERROR;
				CLANG_WARN_DOCUMENTATION_COMMENTS = YES;
				CLANG_WARN_EMPTY_BODY = YES;
				CLANG_WARN_ENUM_CONVERSION = YES;
				CLANG_WARN_INFINITE_RECURSION = YES;
				CLANG_WARN_INT_CONVERSION = YES;
				CLANG_WARN_NON_LITERAL_NULL_CONVERSION = YES;
				CLANG_WARN_OBJC_IMPLICIT_RETAIN_SELF = YES;
				CLANG_WARN_OBJC_LITERAL_CONVERSION = YES;
				CLANG_WARN_OBJC_ROOT_CLASS = YES_ERROR;
				CLANG_WARN_RANGE_LOOP_ANALYSIS = YES;
				CLANG_WARN_STRICT_PROTOTYPES = YES;
				CLANG_WARN_SUSPICIOUS_MOVE = YES;
				CLANG_WARN_UNGUARDED_AVAILABILITY = YES_AGGRESSIVE;
				CLANG_WARN_UNREACHABLE_CODE = YES;
				CLANG_WARN__DUPLICATE_METHOD_MATCH = YES;
				CODE_SIGN_IDENTITY = "-";
				COPY_PHASE_STRIP = NO;
				DEBUG_INFORMATION_FORMAT = dwarf;
				ENABLE_STRICT_OBJC_MSGSEND = YES;
				ENABLE_TESTABILITY = YES;
				GCC_C_LANGUAGE_STANDARD = gnu11;
				GCC_DYNAMIC_NO_PIC = NO;
				GCC_NO_COMMON_BLOCKS = YES;
				GCC_OPTIMIZATION_LEVEL = 0;
				GCC_PREPROCESSOR_DEFINITIONS = (
					"DEBUG=1",
					"$(inherited)",
				);
				GCC_WARN_64_TO_32_BIT_CONVERSION = YES;
				GCC_WARN_ABOUT_RETURN_TYPE = YES_ERROR;
				GCC_WARN_UNDECLARED_SELECTOR = YES;
				GCC_WARN_UNINITIALIZED_AUTOS = YES_AGGRESSIVE;
				GCC_WARN_UNUSED_FUNCTION = YES;
				GCC_WARN_UNUSED_VARIABLE = YES;
				MACOSX_DEPLOYMENT_TARGET = 10.13;
				MTL_ENABLE_DEBUG_INFO = YES;
				ONLY_ACTIVE_ARCH = YES;
				SDKROOT = macosx;
			};
			name = Debug;
		};
		58B5173B20D62084006F9424 /* Release */ = {
			isa = XCBuildConfiguration;
			buildSettings = {
				ALWAYS_SEARCH_USER_PATHS = NO;
				CLANG_ANALYZER_NONNULL = YES;
				CLANG_ANALYZER_NUMBER_OBJECT_CONVERSION = YES_AGGRESSIVE;
				CLANG_CXX_LANGUAGE_STANDARD = "gnu++14";
				CLANG_CXX_LIBRARY = "libc++";
				CLANG_ENABLE_MODULES = YES;
				CLANG_ENABLE_OBJC_ARC = YES;
				CLANG_ENABLE_OBJC_WEAK = YES;
				CLANG_WARN_BLOCK_CAPTURE_AUTORELEASING = YES;
				CLANG_WARN_BOOL_CONVERSION = YES;
				CLANG_WARN_COMMA = YES;
				CLANG_WARN_CONSTANT_CONVERSION = YES;
				CLANG_WARN_DEPRECATED_OBJC_IMPLEMENTATIONS = YES;
				CLANG_WARN_DIRECT_OBJC_ISA_USAGE = YES_ERROR;
				CLANG_WARN_DOCUMENTATION_COMMENTS = YES;
				CLANG_WARN_EMPTY_BODY = YES;
				CLANG_WARN_ENUM_CONVERSION = YES;
				CLANG_WARN_INFINITE_RECURSION = YES;
				CLANG_WARN_INT_CONVERSION = YES;
				CLANG_WARN_NON_LITERAL_NULL_CONVERSION = YES;
				CLANG_WARN_OBJC_IMPLICIT_RETAIN_SELF = YES;
				CLANG_WARN_OBJC_LITERAL_CONVERSION = YES;
				CLANG_WARN_OBJC_ROOT_CLASS = YES_ERROR;
				CLANG_WARN_RANGE_LOOP_ANALYSIS = YES;
				CLANG_WARN_STRICT_PROTOTYPES = YES;
				CLANG_WARN_SUSPICIOUS_MOVE = YES;
				CLANG_WARN_UNGUARDED_AVAILABILITY = YES_AGGRESSIVE;
				CLANG_WARN_UNREACHABLE_CODE = YES;
				CLANG_WARN__DUPLICATE_METHOD_MATCH = YES;
				CODE_SIGN_IDENTITY = "-";
				COPY_PHASE_STRIP = NO;
				DEBUG_INFORMATION_FORMAT = "dwarf-with-dsym";
				ENABLE_NS_ASSERTIONS = NO;
				ENABLE_STRICT_OBJC_MSGSEND = YES;
				GCC_C_LANGUAGE_STANDARD = gnu11;
				GCC_NO_COMMON_BLOCKS = YES;
				GCC_WARN_64_TO_32_BIT_CONVERSION = YES;
				GCC_WARN_ABOUT_RETURN_TYPE = YES_ERROR;
				GCC_WARN_UNDECLARED_SELECTOR = YES;
				GCC_WARN_UNINITIALIZED_AUTOS = YES_AGGRESSIVE;
				GCC_WARN_UNUSED_FUNCTION = YES;
				GCC_WARN_UNUSED_VARIABLE = YES;
				MACOSX_DEPLOYMENT_TARGET = 10.13;
				MTL_ENABLE_DEBUG_INFO = NO;
				SDKROOT = macosx;
			};
			name = Release;
		};
		58B5173D20D62084006F9424 /* Debug */ = {
			isa = XCBuildConfiguration;
			buildSettings = {
				CODE_SIGN_STYLE = Automatic;
				COMBINE_HIDPI_IMAGES = YES;
				CONFIGURATION_BUILD_DIR = ../../../../Assets/CustomTextureUpdate/Plugins/x86_64;
				HEADER_SEARCH_PATHS = /usr/local/include;
				INFOPLIST_FILE = CustomTextureUpdate/Info.plist;
				INSTALL_PATH = "$(LOCAL_LIBRARY_DIR)/Bundles";
				LIBRARY_SEARCH_PATHS = (
					"$(inherited)",
					/usr/local/Cellar/libpng/1.6.34/lib,
				);
				PRODUCT_BUNDLE_IDENTIFIER = com.hecomi.CustomTextureUpdate;
				PRODUCT_NAME = "$(TARGET_NAME)";
				SKIP_INSTALL = YES;
				WRAPPER_EXTENSION = bundle;
			};
			name = Debug;
		};
		58B5173E20D62084006F9424 /* Release */ = {
			isa = XCBuildConfiguration;
			buildSettings = {
				CODE_SIGN_STYLE = Automatic;
				COMBINE_HIDPI_IMAGES = YES;
				CONFIGURATION_BUILD_DIR = ../../../../Assets/CustomTextureUpdate/Plugins/x86_64;
				HEADER_SEARCH_PATHS = /usr/local/include;
				INFOPLIST_FILE = CustomTextureUpdate/Info.plist;
				INSTALL_PATH = "$(LOCAL_LIBRARY_DIR)/Bundles";
				LIBRARY_SEARCH_PATHS = (
					"$(inherited)",
					/usr/local/Cellar/libpng/1.6.34/lib,
				);
				PRODUCT_BUNDLE_IDENTIFIER = com.hecomi.CustomTextureUpdate;
				PRODUCT_NAME = "$(TARGET_NAME)";
				SKIP_INSTALL = YES;
				WRAPPER_EXTENSION = bundle;
			};
			name = Release;
		};
/* End XCBuildConfiguration section */

/* Begin XCConfigurationList section */
		58B5173120D62084006F9424 /* Build configuration list for PBXProject "CustomTextureUpdate" */ = {
			isa = XCConfigurationList;
			buildConfigurations = (
				58B5173A20D62084006F9424 /* Debug */,
				58B5173B20D62084006F9424 /* Release */,
			);
			defaultConfigurationIsVisible = 0;
			defaultConfigurationName = Release;
		};
		58B5173C20D62084006F9424 /* Build configuration list for PBXNativeTarget "CustomTextureUpdate" */ = {
			isa = XCConfigurationList;
			buildConfigurations = (
				58B5173D20D62084006F9424 /* Debug */,
				58B5173E20D62084006F9424 /* Release */,
			);
			defaultConfigurationIsVisible = 0;
			defaultConfigurationName = Release;
		};
/* End XCConfigurationList section */
	};
	rootObject = 58B5172E20D62084006F9424 /* Project object */;
}
